{
  "version": 1,
  "dependencies": {
    "net8.0": {
      "Microsoft.VisualStudio.Azure.Containers.Tools.Targets": {
        "type": "Direct",
        "requested": "[1.20.1, )",
        "resolved": "1.20.1",
        "contentHash": "H4bIRdEOuyWBotgdPA5oCjJmUekWrtU5lOKnMAVaSNduZXHnqFZECsYbkm4vIOE4aeIO8TEYqfsZaJus1KknLQ=="
      }
    }
  }
}